{
    "name": "astal-shell",
    "lockfileVersion": 3,
    "requires": true,
    "packages": {
        "": {
            "name": "astal-shell",
            "dependencies": {
                "astal": "/usr/share/astal/gjs"
            }
        },
        "../../../../../../../usr/share/astal/gjs": {
            "name": "astal",
            "license": "LGPL-2.1"
        },
        "node_modules/astal": {
            "resolved": "../../../../../../../usr/share/astal/gjs",
            "link": true
        }
    }
}
